
Microsoft Visual Studio Solution File, Format Version 12.00
# Visual Studio Version 16
VisualStudioVersion = 16.0.29728.190
MinimumVisualStudioVersion = 10.0.40219.1
Project("{FAE04EC0-301F-11D3-BF4B-00C04F79EFBC}") = "ApocalypticWorld", "ApocalypticWorld\ApocalypticWorld.csproj", "{B74893D2-719D-4271-98DF-24088224F915}"
EndProject
Global
	GlobalSection(SolutionConfigurationPlatforms) = preSolution
		Debug|Any CPU = Debug|Any CPU
		Release|Any CPU = Release|Any CPU
	EndGlobalSection
	GlobalSection(ProjectConfigurationPlatforms) = postSolution
		{B74893D2-719D-4271-98DF-24088224F915}.Debug|Any CPU.ActiveCfg = Debug|Any CPU
		{B74893D2-719D-4271-98DF-24088224F915}.Debug|Any CPU.Build.0 = Debug|Any CPU
		{B74893D2-719D-4271-98DF-24088224F915}.Release|Any CPU.ActiveCfg = Release|Any CPU
		{B74893D2-719D-4271-98DF-24088224F915}.Release|Any CPU.Build.0 = Release|Any CPU
	EndGlobalSection
	GlobalSection(SolutionProperties) = preSolution
		HideSolutionNode = FALSE
	EndGlobalSection
	GlobalSection(ExtensibilityGlobals) = postSolution
		SolutionGuid = {E2526D23-8B4C-4102-859D-8D7D33F99A89}
	EndGlobalSection
EndGlobal
